Microsoft Visual Studio Solution File, Format Version 12.00
# Visual Studio Version 17
VisualStudioVersion = 17.5.2.0
MinimumVisualStudioVersion = 10.0.40219.1
Project("{FAE04EC0-301F-11D3-BF4B-00C04F79EFBC}") = "Desafio - Sistema para um estacionamento", "Desafio - Sistema para um estacionamento.csproj", "{9EF54E39-7342-7410-69F9-2B4F9CE62752}"
EndProject
Global
	GlobalSection(SolutionConfigurationPlatforms) = preSolution
		Debug|Any CPU = Debug|Any CPU
		Release|Any CPU = Release|Any CPU
	EndGlobalSection
	GlobalSection(ProjectConfigurationPlatforms) = postSolution
		{9EF54E39-7342-7410-69F9-2B4F9CE62752}.Debug|Any CPU.ActiveCfg = Debug|Any CPU
		{9EF54E39-7342-7410-69F9-2B4F9CE62752}.Debug|Any CPU.Build.0 = Debug|Any CPU
		{9EF54E39-7342-7410-69F9-2B4F9CE62752}.Release|Any CPU.ActiveCfg = Release|Any CPU
		{9EF54E39-7342-7410-69F9-2B4F9CE62752}.Release|Any CPU.Build.0 = Release|Any CPU
	EndGlobalSection
	GlobalSection(SolutionProperties) = preSolution
		HideSolutionNode = FALSE
	EndGlobalSection
	GlobalSection(ExtensibilityGlobals) = postSolution
		SolutionGuid = {F2A9D674-AEBF-4CEA-9BDC-8A95EFAEAB9A}
	EndGlobalSection
EndGlobal
