
Microsoft Visual Studio Solution File, Format Version 12.00
# Visual Studio Version 17
VisualStudioVersion = 17.5.2.0
MinimumVisualStudioVersion = 10.0.40219.1
Project("{FAE04EC0-301F-11D3-BF4B-00C04F79EFBC}") = "Minha versão do desafio", "Minha versão do desafio.csproj", "{139415E4-BBC0-42EB-E56A-3F61711AA589}"
EndProject
Global
	GlobalSection(SolutionConfigurationPlatforms) = preSolution
		Debug|Any CPU = Debug|Any CPU
		Release|Any CPU = Release|Any CPU
	EndGlobalSection
	GlobalSection(ProjectConfigurationPlatforms) = postSolution
		{139415E4-BBC0-42EB-E56A-3F61711AA589}.Debug|Any CPU.ActiveCfg = Debug|Any CPU
		{139415E4-BBC0-42EB-E56A-3F61711AA589}.Debug|Any CPU.Build.0 = Debug|Any CPU
		{139415E4-BBC0-42EB-E56A-3F61711AA589}.Release|Any CPU.ActiveCfg = Release|Any CPU
		{139415E4-BBC0-42EB-E56A-3F61711AA589}.Release|Any CPU.Build.0 = Release|Any CPU
	EndGlobalSection
	GlobalSection(SolutionProperties) = preSolution
		HideSolutionNode = FALSE
	EndGlobalSection
	GlobalSection(ExtensibilityGlobals) = postSolution
		SolutionGuid = {68015EC8-E622-447C-928A-81BE613E07F9}
	EndGlobalSection
EndGlobal
